
Microsoft Visual Studio Solution File, Format Version 12.00
# Visual Studio Version 16
VisualStudioVersion = 16.0.29905.134
MinimumVisualStudioVersion = 10.0.40219.1
Project("{9A19103F-16F7-4668-BE54-9A1E7A4F7556}") = "Minesweeper", "Minesweeper\Minesweeper.csproj", "{9F856210-B542-41C2-A272-F805CFC33343}"
EndProject
Project("{FAE04EC0-301F-11D3-BF4B-00C04F79EFBC}") = "Minesweeper.Tests", "Minesweeper.Tests\Minesweeper.Tests.csproj", "{7EFA8BF5-DF93-4F50-B1E5-67DD607685A4}"
EndProject
Global
	GlobalSection(SolutionConfigurationPlatforms) = preSolution
		Debug|Any CPU = Debug|Any CPU
		Release|Any CPU = Release|Any CPU
	EndGlobalSection
	GlobalSection(ProjectConfigurationPlatforms) = postSolution
		{9F856210-B542-41C2-A272-F805CFC33343}.Debug|Any CPU.ActiveCfg = Debug|Any CPU
		{9F856210-B542-41C2-A272-F805CFC33343}.Debug|Any CPU.Build.0 = Debug|Any CPU
		{9F856210-B542-41C2-A272-F805CFC33343}.Release|Any CPU.ActiveCfg = Release|Any CPU
		{9F856210-B542-41C2-A272-F805CFC33343}.Release|Any CPU.Build.0 = Release|Any CPU
		{7EFA8BF5-DF93-4F50-B1E5-67DD607685A4}.Debug|Any CPU.ActiveCfg = Debug|Any CPU
		{7EFA8BF5-DF93-4F50-B1E5-67DD607685A4}.Debug|Any CPU.Build.0 = Debug|Any CPU
		{7EFA8BF5-DF93-4F50-B1E5-67DD607685A4}.Release|Any CPU.ActiveCfg = Release|Any CPU
		{7EFA8BF5-DF93-4F50-B1E5-67DD607685A4}.Release|Any CPU.Build.0 = Release|Any CPU
	EndGlobalSection
	GlobalSection(SolutionProperties) = preSolution
		HideSolutionNode = FALSE
	EndGlobalSection
	GlobalSection(ExtensibilityGlobals) = postSolution
		SolutionGuid = {B94336C0-D045-4E36-8286-917746CF1F42}
	EndGlobalSection
EndGlobal
